
Microsoft Visual Studio Solution File, Format Version 12.00
Project("{FAE04EC0-301F-11D3-BF4B-00C04F79EFBC}") = "LunExService", "LunExService\LunExService.csproj", "{CCFD3F57-923D-4665-AAAC-3475217E9ADB}"
EndProject
Global
	GlobalSection(SolutionConfigurationPlatforms) = preSolution
		Debug|Any CPU = Debug|Any CPU
		Release|Any CPU = Release|Any CPU
	EndGlobalSection
	GlobalSection(ProjectConfigurationPlatforms) = postSolution
		{CCFD3F57-923D-4665-AAAC-3475217E9ADB}.Debug|Any CPU.ActiveCfg = Debug|Any CPU
		{CCFD3F57-923D-4665-AAAC-3475217E9ADB}.Debug|Any CPU.Build.0 = Debug|Any CPU
		{CCFD3F57-923D-4665-AAAC-3475217E9ADB}.Release|Any CPU.ActiveCfg = Release|Any CPU
		{CCFD3F57-923D-4665-AAAC-3475217E9ADB}.Release|Any CPU.Build.0 = Release|Any CPU
	EndGlobalSection
EndGlobal
